
Microsoft Visual Studio Solution File, Format Version 12.00
# Visual Studio Version 17
VisualStudioVersion = 17.0.31903.59
MinimumVisualStudioVersion = 10.0.40219.1
Project("{2150E333-8FDC-42A3-9474-1A3956D46DE8}") = "src", "src", "{827E0CD3-B72D-47B6-A68D-7590B98EB39B}"
EndProject
Project("{FAE04EC0-301F-11D3-BF4B-00C04F79EFBC}") = "web", "src\web\web.csproj", "{78B571B8-5FF8-4A71-AF6D-260E800A66F2}"
EndProject
Project("{FAE04EC0-301F-11D3-BF4B-00C04F79EFBC}") = "api", "src\api\api.csproj", "{FF2A2A33-5F26-40A5-B199-9C8CE5BBF9D3}"
EndProject
Global
	GlobalSection(SolutionConfigurationPlatforms) = preSolution
		Debug|Any CPU = Debug|Any CPU
		Debug|x64 = Debug|x64
		Debug|x86 = Debug|x86
		Release|Any CPU = Release|Any CPU
		Release|x64 = Release|x64
		Release|x86 = Release|x86
	EndGlobalSection
	GlobalSection(ProjectConfigurationPlatforms) = postSolution
		{78B571B8-5FF8-4A71-AF6D-260E800A66F2}.Debug|Any CPU.ActiveCfg = Debug|Any CPU
		{78B571B8-5FF8-4A71-AF6D-260E800A66F2}.Debug|Any CPU.Build.0 = Debug|Any CPU
		{78B571B8-5FF8-4A71-AF6D-260E800A66F2}.Debug|x64.ActiveCfg = Debug|Any CPU
		{78B571B8-5FF8-4A71-AF6D-260E800A66F2}.Debug|x64.Build.0 = Debug|Any CPU
		{78B571B8-5FF8-4A71-AF6D-260E800A66F2}.Debug|x86.ActiveCfg = Debug|Any CPU
		{78B571B8-5FF8-4A71-AF6D-260E800A66F2}.Debug|x86.Build.0 = Debug|Any CPU
		{78B571B8-5FF8-4A71-AF6D-260E800A66F2}.Release|Any CPU.ActiveCfg = Release|Any CPU
		{78B571B8-5FF8-4A71-AF6D-260E800A66F2}.Release|Any CPU.Build.0 = Release|Any CPU
		{78B571B8-5FF8-4A71-AF6D-260E800A66F2}.Release|x64.ActiveCfg = Release|Any CPU
		{78B571B8-5FF8-4A71-AF6D-260E800A66F2}.Release|x64.Build.0 = Release|Any CPU
		{78B571B8-5FF8-4A71-AF6D-260E800A66F2}.Release|x86.ActiveCfg = Release|Any CPU
		{78B571B8-5FF8-4A71-AF6D-260E800A66F2}.Release|x86.Build.0 = Release|Any CPU
		{FF2A2A33-5F26-40A5-B199-9C8CE5BBF9D3}.Debug|Any CPU.ActiveCfg = Debug|Any CPU
		{FF2A2A33-5F26-40A5-B199-9C8CE5BBF9D3}.Debug|Any CPU.Build.0 = Debug|Any CPU
		{FF2A2A33-5F26-40A5-B199-9C8CE5BBF9D3}.Debug|x64.ActiveCfg = Debug|Any CPU
		{FF2A2A33-5F26-40A5-B199-9C8CE5BBF9D3}.Debug|x64.Build.0 = Debug|Any CPU
		{FF2A2A33-5F26-40A5-B199-9C8CE5BBF9D3}.Debug|x86.ActiveCfg = Debug|Any CPU
		{FF2A2A33-5F26-40A5-B199-9C8CE5BBF9D3}.Debug|x86.Build.0 = Debug|Any CPU
		{FF2A2A33-5F26-40A5-B199-9C8CE5BBF9D3}.Release|Any CPU.ActiveCfg = Release|Any CPU
		{FF2A2A33-5F26-40A5-B199-9C8CE5BBF9D3}.Release|Any CPU.Build.0 = Release|Any CPU
		{FF2A2A33-5F26-40A5-B199-9C8CE5BBF9D3}.Release|x64.ActiveCfg = Release|Any CPU
		{FF2A2A33-5F26-40A5-B199-9C8CE5BBF9D3}.Release|x64.Build.0 = Release|Any CPU
		{FF2A2A33-5F26-40A5-B199-9C8CE5BBF9D3}.Release|x86.ActiveCfg = Release|Any CPU
		{FF2A2A33-5F26-40A5-B199-9C8CE5BBF9D3}.Release|x86.Build.0 = Release|Any CPU
	EndGlobalSection
	GlobalSection(SolutionProperties) = preSolution
		HideSolutionNode = FALSE
	EndGlobalSection
	GlobalSection(NestedProjects) = preSolution
		{78B571B8-5FF8-4A71-AF6D-260E800A66F2} = {827E0CD3-B72D-47B6-A68D-7590B98EB39B}
		{FF2A2A33-5F26-40A5-B199-9C8CE5BBF9D3} = {827E0CD3-B72D-47B6-A68D-7590B98EB39B}
	EndGlobalSection
EndGlobal
